
Microsoft Visual Studio Solution File, Format Version 12.00
# Visual Studio Version 16
VisualStudioVersion = 16.0.29920.165
MinimumVisualStudioVersion = 10.0.40219.1
Project("{FAE04EC0-301F-11D3-BF4B-00C04F79EFBC}") = "CareerInfo", "CareerInfo.csproj", "{F52BBB22-0307-404B-8EEC-1C3D34FB6E16}"
EndProject
Global
	GlobalSection(SolutionConfigurationPlatforms) = preSolution
		Debug|Any CPU = Debug|Any CPU
		Release|Any CPU = Release|Any CPU
	EndGlobalSection
	GlobalSection(ProjectConfigurationPlatforms) = postSolution
		{F52BBB22-0307-404B-8EEC-1C3D34FB6E16}.Debug|Any CPU.ActiveCfg = Debug|Any CPU
		{F52BBB22-0307-404B-8EEC-1C3D34FB6E16}.Debug|Any CPU.Build.0 = Debug|Any CPU
		{F52BBB22-0307-404B-8EEC-1C3D34FB6E16}.Release|Any CPU.ActiveCfg = Release|Any CPU
		{F52BBB22-0307-404B-8EEC-1C3D34FB6E16}.Release|Any CPU.Build.0 = Release|Any CPU
	EndGlobalSection
	GlobalSection(SolutionProperties) = preSolution
		HideSolutionNode = FALSE
	EndGlobalSection
	GlobalSection(ExtensibilityGlobals) = postSolution
		SolutionGuid = {8E5E5BB7-A6CF-41F0-971C-5DE55E010C3A}
	EndGlobalSection
EndGlobal
